
Microsoft Visual Studio Solution File, Format Version 12.00
# Visual Studio Version 16
VisualStudioVersion = 16.0.30204.135
MinimumVisualStudioVersion = 10.0.40219.1
Project("{FAE04EC0-301F-11D3-BF4B-00C04F79EFBC}") = "Test - Valenta", "Test - Valenta\Test - Valenta.csproj", "{039069C8-A106-44B0-B020-8FB8869F02B8}"
EndProject
Global
	GlobalSection(SolutionConfigurationPlatforms) = preSolution
		Debug|Any CPU = Debug|Any CPU
		Release|Any CPU = Release|Any CPU
	EndGlobalSection
	GlobalSection(ProjectConfigurationPlatforms) = postSolution
		{039069C8-A106-44B0-B020-8FB8869F02B8}.Debug|Any CPU.ActiveCfg = Debug|Any CPU
		{039069C8-A106-44B0-B020-8FB8869F02B8}.Debug|Any CPU.Build.0 = Debug|Any CPU
		{039069C8-A106-44B0-B020-8FB8869F02B8}.Release|Any CPU.ActiveCfg = Release|Any CPU
		{039069C8-A106-44B0-B020-8FB8869F02B8}.Release|Any CPU.Build.0 = Release|Any CPU
	EndGlobalSection
	GlobalSection(SolutionProperties) = preSolution
		HideSolutionNode = FALSE
	EndGlobalSection
	GlobalSection(ExtensibilityGlobals) = postSolution
		SolutionGuid = {833273B8-0DDF-4A12-A1E8-4E027C4E1C87}
	EndGlobalSection
EndGlobal
